
Microsoft Visual Studio Solution File, Format Version 12.00
# Visual Studio 15
VisualStudioVersion = 15.0.28307.1062
MinimumVisualStudioVersion = 10.0.40219.1
Project("{FAE04EC0-301F-11D3-BF4B-00C04F79EFBC}") = "RobbyGeneticAlgoUnitTests", "RobbyGeneticAlgoUnitTests\RobbyGeneticAlgoUnitTests.csproj", "{FA87D4C7-CA30-4F54-92DB-95BFA4EE0EBA}"
EndProject
Project("{FAE04EC0-301F-11D3-BF4B-00C04F79EFBC}") = "RobbyGeneticAlgo", "RobbyGeneticAlgo\RobbyGeneticAlgo.csproj", "{B567E84E-875C-435D-B720-EE397D1A5C5A}"
EndProject
Project("{FAE04EC0-301F-11D3-BF4B-00C04F79EFBC}") = "FrontEnd", "Game1\FrontEnd.csproj", "{22A22D77-B552-4BA6-845F-7F0A398FB365}"
EndProject
Global
	GlobalSection(SolutionConfigurationPlatforms) = preSolution
		Debug|Any CPU = Debug|Any CPU
		Debug|x86 = Debug|x86
		Release|Any CPU = Release|Any CPU
		Release|x86 = Release|x86
	EndGlobalSection
	GlobalSection(ProjectConfigurationPlatforms) = postSolution
		{FA87D4C7-CA30-4F54-92DB-95BFA4EE0EBA}.Debug|Any CPU.ActiveCfg = Debug|Any CPU
		{FA87D4C7-CA30-4F54-92DB-95BFA4EE0EBA}.Debug|Any CPU.Build.0 = Debug|Any CPU
		{FA87D4C7-CA30-4F54-92DB-95BFA4EE0EBA}.Debug|x86.ActiveCfg = Debug|Any CPU
		{FA87D4C7-CA30-4F54-92DB-95BFA4EE0EBA}.Debug|x86.Build.0 = Debug|Any CPU
		{FA87D4C7-CA30-4F54-92DB-95BFA4EE0EBA}.Release|Any CPU.ActiveCfg = Release|Any CPU
		{FA87D4C7-CA30-4F54-92DB-95BFA4EE0EBA}.Release|Any CPU.Build.0 = Release|Any CPU
		{FA87D4C7-CA30-4F54-92DB-95BFA4EE0EBA}.Release|x86.ActiveCfg = Release|Any CPU
		{FA87D4C7-CA30-4F54-92DB-95BFA4EE0EBA}.Release|x86.Build.0 = Release|Any CPU
		{B567E84E-875C-435D-B720-EE397D1A5C5A}.Debug|Any CPU.ActiveCfg = Debug|Any CPU
		{B567E84E-875C-435D-B720-EE397D1A5C5A}.Debug|Any CPU.Build.0 = Debug|Any CPU
		{B567E84E-875C-435D-B720-EE397D1A5C5A}.Debug|x86.ActiveCfg = Debug|Any CPU
		{B567E84E-875C-435D-B720-EE397D1A5C5A}.Debug|x86.Build.0 = Debug|Any CPU
		{B567E84E-875C-435D-B720-EE397D1A5C5A}.Release|Any CPU.ActiveCfg = Release|Any CPU
		{B567E84E-875C-435D-B720-EE397D1A5C5A}.Release|Any CPU.Build.0 = Release|Any CPU
		{B567E84E-875C-435D-B720-EE397D1A5C5A}.Release|x86.ActiveCfg = Release|Any CPU
		{B567E84E-875C-435D-B720-EE397D1A5C5A}.Release|x86.Build.0 = Release|Any CPU
		{22A22D77-B552-4BA6-845F-7F0A398FB365}.Debug|Any CPU.ActiveCfg = Debug|x86
		{22A22D77-B552-4BA6-845F-7F0A398FB365}.Debug|x86.ActiveCfg = Debug|x86
		{22A22D77-B552-4BA6-845F-7F0A398FB365}.Debug|x86.Build.0 = Debug|x86
		{22A22D77-B552-4BA6-845F-7F0A398FB365}.Release|Any CPU.ActiveCfg = Release|x86
		{22A22D77-B552-4BA6-845F-7F0A398FB365}.Release|x86.ActiveCfg = Release|x86
		{22A22D77-B552-4BA6-845F-7F0A398FB365}.Release|x86.Build.0 = Release|x86
	EndGlobalSection
	GlobalSection(SolutionProperties) = preSolution
		HideSolutionNode = FALSE
	EndGlobalSection
	GlobalSection(ExtensibilityGlobals) = postSolution
		SolutionGuid = {C8FE53B2-977E-41A3-97E7-7F9F6D57111E}
	EndGlobalSection
EndGlobal
